// !$*UTF8*$!
{
	archiveVersion = 1;
	classes = {
	};
	objectVersion = 46;
	objects = {

/* Begin PBXBuildFile section */
		FA77B612170F77A6003EFF19 /* UIKit.framework in Frameworks */ = {isa = PBXBuildFile; fileRef = FA77B611170F77A6003EFF19 /* UIKit.framework */; };
		FA77B614170F77A6003EFF19 /* Foundation.framework in Frameworks */ = {isa = PBXBuildFile; fileRef = FA77B613170F77A6003EFF19 /* Foundation.framework */; };
		FA77B616170F77A6003EFF19 /* CoreGraphics.framework in Frameworks */ = {isa = PBXBuildFile; fileRef = FA77B615170F77A6003EFF19 /* CoreGraphics.framework */; };
		FA77B61C170F77A6003EFF19 /* InfoPlist.strings in Resources */ = {isa = PBXBuildFile; fileRef = FA77B61A170F77A6003EFF19 /* InfoPlist.strings */; };
		FA77B61E170F77A6003EFF19 /* main.m in Sources */ = {isa = PBXBuildFile; fileRef = FA77B61D170F77A6003EFF19 /* main.m */; };
		FA77B622170F77A6003EFF19 /* SBTAppDelegate.mm in Sources */ = {isa = PBXBuildFile; fileRef = FA77B621170F77A6003EFF19 /* SBTAppDelegate.mm */; };
		FA77B624170F77A6003EFF19 /* Default.png in Resources */ = {isa = PBXBuildFile; fileRef = FA77B623170F77A6003EFF19 /* Default.png */; };
		FA77B626170F77A6003EFF19 /* Default@2x.png in Resources */ = {isa = PBXBuildFile; fileRef = FA77B625170F77A6003EFF19 /* Default@2x.png */; };
		FA77B628170F77A6003EFF19 /* Default-568h@2x.png in Resources */ = {isa = PBXBuildFile; fileRef = FA77B627170F77A6003EFF19 /* Default-568h@2x.png */; };
		FA77B62B170F77A6003EFF19 /* MainStoryboard.storyboard in Resources */ = {isa = PBXBuildFile; fileRef = FA77B629170F77A6003EFF19 /* MainStoryboard.storyboard */; };
		FA77B62E170F77A6003EFF19 /* SBTViewController.m in Sources */ = {isa = PBXBuildFile; fileRef = FA77B62D170F77A6003EFF19 /* SBTViewController.m */; };
		FA77B646170F7A7D003EFF19 /* libScom.a in Frameworks */ = {isa = PBXBuildFile; fileRef = FA77B645170F7A5A003EFF19 /* libScom.a */; settings = {ATTRIBUTES = (Required, ); }; };
		FA77B653170FF768003EFF19 /* AudioToolbox.framework in Frameworks */ = {isa = PBXBuildFile; fileRef = FA77B652170FF767003EFF19 /* AudioToolbox.framework */; settings = {ATTRIBUTES = (Required, ); }; };
		FA77B657171004A5003EFF19 /* CoreAudio.framework in Frameworks */ = {isa = PBXBuildFile; fileRef = FA77B656171004A5003EFF19 /* CoreAudio.framework */; settings = {ATTRIBUTES = (Required, ); }; };
		FA77B66117126026003EFF19 /* CAStreamBasicDescription.cpp in Sources */ = {isa = PBXBuildFile; fileRef = FA77B65F17126026003EFF19 /* CAStreamBasicDescription.cpp */; };
		FA8E62C417C2688F00A2EB59 /* Foundation.framework in Frameworks */ = {isa = PBXBuildFile; fileRef = FA77B613170F77A6003EFF19 /* Foundation.framework */; };
		FA8E62C917C2688F00A2EB59 /* Soundbyte_SDK.h in CopyFiles */ = {isa = PBXBuildFile; fileRef = FA8E62C817C2688F00A2EB59 /* Soundbyte_SDK.h */; };
		FA8E62CB17C2688F00A2EB59 /* Soundbyte_SDK.m in Sources */ = {isa = PBXBuildFile; fileRef = FA8E62CA17C2688F00A2EB59 /* Soundbyte_SDK.m */; };
		FA8E62D317C2697D00A2EB59 /* SBTAudioUnit.mm in Sources */ = {isa = PBXBuildFile; fileRef = FA8E62D217C2697D00A2EB59 /* SBTAudioUnit.mm */; };
		FAA2D8491797A4EA00DEF1B0 /* SBTTetheredEngine.m in Sources */ = {isa = PBXBuildFile; fileRef = FAA2D8481797A4EA00DEF1B0 /* SBTTetheredEngine.m */; };
		FAA2D84C1797A64100DEF1B0 /* SBTNativeEngine.mm in Sources */ = {isa = PBXBuildFile; fileRef = FAA2D84B1797A64100DEF1B0 /* SBTNativeEngine.mm */; };
		FAA2D84E1797AA4E00DEF1B0 /* SBTLog.mm in Sources */ = {isa = PBXBuildFile; fileRef = FAA2D84D1797AA4E00DEF1B0 /* SBTLog.mm */; };
		FAA2D853179FB92100DEF1B0 /* AVFoundation.framework in Frameworks */ = {isa = PBXBuildFile; fileRef = FA77B650170FED57003EFF19 /* AVFoundation.framework */; };
/* End PBXBuildFile section */

/* Begin PBXContainerItemProxy section */
		FA77B644170F7A5A003EFF19 /* PBXContainerItemProxy */ = {
			isa = PBXContainerItemProxy;
			containerPortal = FA77B640170F7A5A003EFF19 /* Scom.xcodeproj */;
			proxyType = 2;
			remoteGlobalIDString = FA49103B16ED5520005477E3;
			remoteInfo = Scom;
		};
		FA77B648170F7D83003EFF19 /* PBXContainerItemProxy */ = {
			isa = PBXContainerItemProxy;
			containerPortal = FA77B640170F7A5A003EFF19 /* Scom.xcodeproj */;
			proxyType = 1;
			remoteGlobalIDString = FA49103A16ED5520005477E3;
			remoteInfo = Scom;
		};
		FA8E62CF17C268D500A2EB59 /* PBXContainerItemProxy */ = {
			isa = PBXContainerItemProxy;
			containerPortal = FA77B640170F7A5A003EFF19 /* Scom.xcodeproj */;
			proxyType = 1;
			remoteGlobalIDString = FA49103A16ED5520005477E3;
			remoteInfo = Scom;
		};
/* End PBXContainerItemProxy section */

/* Begin PBXCopyFilesBuildPhase section */
		FA8E62C117C2688F00A2EB59 /* CopyFiles */ = {
			isa = PBXCopyFilesBuildPhase;
			buildActionMask = 2147483647;
			dstPath = "include/${PRODUCT_NAME}";
			dstSubfolderSpec = 16;
			files = (
				FA8E62C917C2688F00A2EB59 /* Soundbyte_SDK.h in CopyFiles */,
			);
			runOnlyForDeploymentPostprocessing = 0;
		};
/* End PBXCopyFilesBuildPhase section */

/* Begin PBXFileReference section */
		FA0EC03617A9C34300E771B3 /* SBTConstants.h */ = {isa = PBXFileReference; lastKnownFileType = sourcecode.c.h; path = SBTConstants.h; sourceTree = "<group>"; };
		FA77B60E170F77A6003EFF19 /* Soundbyte.app */ = {isa = PBXFileReference; explicitFileType = wrapper.application; includeInIndex = 0; path = Soundbyte.app; sourceTree = BUILT_PRODUCTS_DIR; };
		FA77B611170F77A6003EFF19 /* UIKit.framework */ = {isa = PBXFileReference; lastKnownFileType = wrapper.framework; name = UIKit.framework; path = System/Library/Frameworks/UIKit.framework; sourceTree = SDKROOT; };
		FA77B613170F77A6003EFF19 /* Foundation.framework */ = {isa = PBXFileReference; lastKnownFileType = wrapper.framework; name = Foundation.framework; path = System/Library/Frameworks/Foundation.framework; sourceTree = SDKROOT; };
		FA77B615170F77A6003EFF19 /* CoreGraphics.framework */ = {isa = PBXFileReference; lastKnownFileType = wrapper.framework; name = CoreGraphics.framework; path = System/Library/Frameworks/CoreGraphics.framework; sourceTree = SDKROOT; };
		FA77B619170F77A6003EFF19 /* Soundbyte-Info.plist */ = {isa = PBXFileReference; lastKnownFileType = text.plist.xml; path = "Soundbyte-Info.plist"; sourceTree = "<group>"; };
		FA77B61B170F77A6003EFF19 /* en */ = {isa = PBXFileReference; lastKnownFileType = text.plist.strings; name = en; path = en.lproj/InfoPlist.strings; sourceTree = "<group>"; };
		FA77B61D170F77A6003EFF19 /* main.m */ = {isa = PBXFileReference; lastKnownFileType = sourcecode.c.objc; path = main.m; sourceTree = "<group>"; };
		FA77B61F170F77A6003EFF19 /* Soundbyte-Prefix.pch */ = {isa = PBXFileReference; lastKnownFileType = sourcecode.c.h; path = "Soundbyte-Prefix.pch"; sourceTree = "<group>"; };
		FA77B620170F77A6003EFF19 /* SBTAppDelegate.h */ = {isa = PBXFileReference; lastKnownFileType = sourcecode.c.h; path = SBTAppDelegate.h; sourceTree = "<group>"; };
		FA77B621170F77A6003EFF19 /* SBTAppDelegate.mm */ = {isa = PBXFileReference; lastKnownFileType = sourcecode.cpp.objcpp; path = SBTAppDelegate.mm; sourceTree = "<group>"; };
		FA77B623170F77A6003EFF19 /* Default.png */ = {isa = PBXFileReference; lastKnownFileType = image.png; path = Default.png; sourceTree = "<group>"; };
		FA77B625170F77A6003EFF19 /* Default@2x.png */ = {isa = PBXFileReference; lastKnownFileType = image.png; path = "Default@2x.png"; sourceTree = "<group>"; };
		FA77B627170F77A6003EFF19 /* Default-568h@2x.png */ = {isa = PBXFileReference; lastKnownFileType = image.png; path = "Default-568h@2x.png"; sourceTree = "<group>"; };
		FA77B62A170F77A6003EFF19 /* en */ = {isa = PBXFileReference; lastKnownFileType = file.storyboard; name = en; path = en.lproj/MainStoryboard.storyboard; sourceTree = "<group>"; };
		FA77B62C170F77A6003EFF19 /* SBTViewController.h */ = {isa = PBXFileReference; lastKnownFileType = sourcecode.c.h; path = SBTViewController.h; sourceTree = "<group>"; };
		FA77B62D170F77A6003EFF19 /* SBTViewController.m */ = {isa = PBXFileReference; lastKnownFileType = sourcecode.c.objc; path = SBTViewController.m; sourceTree = "<group>"; };
		FA77B640170F7A5A003EFF19 /* Scom.xcodeproj */ = {isa = PBXFileReference; lastKnownFileType = "wrapper.pb-project"; name = Scom.xcodeproj; path = ../../native/Scom.xcodeproj; sourceTree = "<group>"; };
		FA77B650170FED57003EFF19 /* AVFoundation.framework */ = {isa = PBXFileReference; lastKnownFileType = wrapper.framework; name = AVFoundation.framework; path = System/Library/Frameworks/AVFoundation.framework; sourceTree = SDKROOT; };
		FA77B652170FF767003EFF19 /* AudioToolbox.framework */ = {isa = PBXFileReference; lastKnownFileType = wrapper.framework; name = AudioToolbox.framework; path = System/Library/Frameworks/AudioToolbox.framework; sourceTree = SDKROOT; };
		FA77B654170FFB3B003EFF19 /* AudioUnit.framework */ = {isa = PBXFileReference; lastKnownFileType = wrapper.framework; name = AudioUnit.framework; path = System/Library/Frameworks/AudioUnit.framework; sourceTree = SDKROOT; };
		FA77B656171004A5003EFF19 /* CoreAudio.framework */ = {isa = PBXFileReference; lastKnownFileType = wrapper.framework; name = CoreAudio.framework; path = System/Library/Frameworks/CoreAudio.framework; sourceTree = SDKROOT; };
		FA77B65D17126026003EFF19 /* CADebugMacros.h */ = {isa = PBXFileReference; fileEncoding = 4; lastKnownFileType = sourcecode.c.h; name = CADebugMacros.h; path = CoreAudioUtility/PublicUtility/CADebugMacros.h; sourceTree = SOURCE_ROOT; };
		FA77B65E17126026003EFF19 /* CAMath.h */ = {isa = PBXFileReference; fileEncoding = 4; lastKnownFileType = sourcecode.c.h; name = CAMath.h; path = CoreAudioUtility/PublicUtility/CAMath.h; sourceTree = SOURCE_ROOT; };
		FA77B65F17126026003EFF19 /* CAStreamBasicDescription.cpp */ = {isa = PBXFileReference; fileEncoding = 4; lastKnownFileType = sourcecode.cpp.cpp; name = CAStreamBasicDescription.cpp; path = CoreAudioUtility/PublicUtility/CAStreamBasicDescription.cpp; sourceTree = SOURCE_ROOT; };
		FA77B66017126026003EFF19 /* CAStreamBasicDescription.h */ = {isa = PBXFileReference; fileEncoding = 4; lastKnownFileType = sourcecode.c.h; name = CAStreamBasicDescription.h; path = CoreAudioUtility/PublicUtility/CAStreamBasicDescription.h; sourceTree = SOURCE_ROOT; };
		FA77B66217126068003EFF19 /* CADebugPrintf.cpp */ = {isa = PBXFileReference; lastKnownFileType = sourcecode.cpp.cpp; name = CADebugPrintf.cpp; path = CoreAudioUtility/PublicUtility/CADebugPrintf.cpp; sourceTree = SOURCE_ROOT; };
		FA77B66317126068003EFF19 /* CADebugPrintf.h */ = {isa = PBXFileReference; lastKnownFileType = sourcecode.c.h; name = CADebugPrintf.h; path = CoreAudioUtility/PublicUtility/CADebugPrintf.h; sourceTree = SOURCE_ROOT; };
		FA77B664171261AB003EFF19 /* CAXException.cpp */ = {isa = PBXFileReference; lastKnownFileType = sourcecode.cpp.cpp; name = CAXException.cpp; path = CoreAudioUtility/PublicUtility/CAXException.cpp; sourceTree = SOURCE_ROOT; };
		FA77B665171261AB003EFF19 /* CAXException.h */ = {isa = PBXFileReference; lastKnownFileType = sourcecode.c.h; name = CAXException.h; path = CoreAudioUtility/PublicUtility/CAXException.h; sourceTree = SOURCE_ROOT; };
		FA8E62C317C2688F00A2EB59 /* libSoundbyte SDK.a */ = {isa = PBXFileReference; explicitFileType = archive.ar; includeInIndex = 0; path = "libSoundbyte SDK.a"; sourceTree = BUILT_PRODUCTS_DIR; };
		FA8E62C717C2688F00A2EB59 /* Soundbyte SDK-Prefix.pch */ = {isa = PBXFileReference; lastKnownFileType = sourcecode.c.h; path = "Soundbyte SDK-Prefix.pch"; sourceTree = "<group>"; };
		FA8E62C817C2688F00A2EB59 /* Soundbyte_SDK.h */ = {isa = PBXFileReference; lastKnownFileType = sourcecode.c.h; path = Soundbyte_SDK.h; sourceTree = "<group>"; };
		FA8E62CA17C2688F00A2EB59 /* Soundbyte_SDK.m */ = {isa = PBXFileReference; lastKnownFileType = sourcecode.c.objc; path = Soundbyte_SDK.m; sourceTree = "<group>"; };
		FA8E62D117C2697D00A2EB59 /* SBTAudioUnit.h */ = {isa = PBXFileReference; fileEncoding = 4; lastKnownFileType = sourcecode.c.h; path = SBTAudioUnit.h; sourceTree = "<group>"; };
		FA8E62D217C2697D00A2EB59 /* SBTAudioUnit.mm */ = {isa = PBXFileReference; fileEncoding = 4; lastKnownFileType = sourcecode.cpp.objcpp; path = SBTAudioUnit.mm; sourceTree = "<group>"; };
		FAA2D8461797A40800DEF1B0 /* SBTEngine.h */ = {isa = PBXFileReference; lastKnownFileType = sourcecode.c.h; path = SBTEngine.h; sourceTree = "<group>"; };
		FAA2D8471797A4EA00DEF1B0 /* SBTTetheredEngine.h */ = {isa = PBXFileReference; fileEncoding = 4; lastKnownFileType = sourcecode.c.h; path = SBTTetheredEngine.h; sourceTree = "<group>"; };
		FAA2D8481797A4EA00DEF1B0 /* SBTTetheredEngine.m */ = {isa = PBXFileReference; fileEncoding = 4; lastKnownFileType = sourcecode.c.objc; path = SBTTetheredEngine.m; sourceTree = "<group>"; };
		FAA2D84A1797A64100DEF1B0 /* SBTNativeEngine.h */ = {isa = PBXFileReference; fileEncoding = 4; lastKnownFileType = sourcecode.c.h; path = SBTNativeEngine.h; sourceTree = "<group>"; };
		FAA2D84B1797A64100DEF1B0 /* SBTNativeEngine.mm */ = {isa = PBXFileReference; fileEncoding = 4; lastKnownFileType = sourcecode.cpp.objcpp; path = SBTNativeEngine.mm; sourceTree = "<group>"; };
		FAA2D84D1797AA4E00DEF1B0 /* SBTLog.mm */ = {isa = PBXFileReference; fileEncoding = 4; lastKnownFileType = sourcecode.cpp.objcpp; path = SBTLog.mm; sourceTree = "<group>"; };
/* End PBXFileReference section */

/* Begin PBXFrameworksBuildPhase section */
		FA77B60B170F77A6003EFF19 /* Frameworks */ = {
			isa = PBXFrameworksBuildPhase;
			buildActionMask = 2147483647;
			files = (
				FAA2D853179FB92100DEF1B0 /* AVFoundation.framework in Frameworks */,
				FA77B612170F77A6003EFF19 /* UIKit.framework in Frameworks */,
				FA77B614170F77A6003EFF19 /* Foundation.framework in Frameworks */,
				FA77B657171004A5003EFF19 /* CoreAudio.framework in Frameworks */,
				FA77B616170F77A6003EFF19 /* CoreGraphics.framework in Frameworks */,
				FA77B653170FF768003EFF19 /* AudioToolbox.framework in Frameworks */,
				FA77B646170F7A7D003EFF19 /* libScom.a in Frameworks */,
			);
			runOnlyForDeploymentPostprocessing = 0;
		};
		FA8E62C017C2688F00A2EB59 /* Frameworks */ = {
			isa = PBXFrameworksBuildPhase;
			buildActionMask = 2147483647;
			files = (
				FA8E62C417C2688F00A2EB59 /* Foundation.framework in Frameworks */,
			);
			runOnlyForDeploymentPostprocessing = 0;
		};
/* End PBXFrameworksBuildPhase section */

/* Begin PBXGroup section */
		FA77B605170F77A6003EFF19 = {
			isa = PBXGroup;
			children = (
				FA77B656171004A5003EFF19 /* CoreAudio.framework */,
				FA77B654170FFB3B003EFF19 /* AudioUnit.framework */,
				FA77B652170FF767003EFF19 /* AudioToolbox.framework */,
				FA77B650170FED57003EFF19 /* AVFoundation.framework */,
				FA77B617170F77A6003EFF19 /* Soundbyte */,
				FA8E62C517C2688F00A2EB59 /* Soundbyte SDK */,
				FA77B610170F77A6003EFF19 /* Frameworks */,
				FA77B60F170F77A6003EFF19 /* Products */,
				FA77B640170F7A5A003EFF19 /* Scom.xcodeproj */,
			);
			sourceTree = "<group>";
		};
		FA77B60F170F77A6003EFF19 /* Products */ = {
			isa = PBXGroup;
			children = (
				FA77B60E170F77A6003EFF19 /* Soundbyte.app */,
				FA8E62C317C2688F00A2EB59 /* libSoundbyte SDK.a */,
			);
			name = Products;
			sourceTree = "<group>";
		};
		FA77B610170F77A6003EFF19 /* Frameworks */ = {
			isa = PBXGroup;
			children = (
				FA77B611170F77A6003EFF19 /* UIKit.framework */,
				FA77B613170F77A6003EFF19 /* Foundation.framework */,
				FA77B615170F77A6003EFF19 /* CoreGraphics.framework */,
			);
			name = Frameworks;
			sourceTree = "<group>";
		};
		FA77B617170F77A6003EFF19 /* Soundbyte */ = {
			isa = PBXGroup;
			children = (
				FA77B65817125E57003EFF19 /* CoreAudioUtility */,
				FA77B618170F77A6003EFF19 /* Supporting Files */,
				FA77B620170F77A6003EFF19 /* SBTAppDelegate.h */,
				FA77B621170F77A6003EFF19 /* SBTAppDelegate.mm */,
				FA0EC03617A9C34300E771B3 /* SBTConstants.h */,
				FA77B62C170F77A6003EFF19 /* SBTViewController.h */,
				FA77B62D170F77A6003EFF19 /* SBTViewController.m */,
				FA77B629170F77A6003EFF19 /* MainStoryboard.storyboard */,
				FAA2D8461797A40800DEF1B0 /* SBTEngine.h */,
				FAA2D8471797A4EA00DEF1B0 /* SBTTetheredEngine.h */,
				FAA2D8481797A4EA00DEF1B0 /* SBTTetheredEngine.m */,
				FAA2D84A1797A64100DEF1B0 /* SBTNativeEngine.h */,
				FAA2D84B1797A64100DEF1B0 /* SBTNativeEngine.mm */,
				FAA2D84D1797AA4E00DEF1B0 /* SBTLog.mm */,
				FA8E62D117C2697D00A2EB59 /* SBTAudioUnit.h */,
				FA8E62D217C2697D00A2EB59 /* SBTAudioUnit.mm */,
			);
			path = Soundbyte;
			sourceTree = "<group>";
		};
		FA77B618170F77A6003EFF19 /* Supporting Files */ = {
			isa = PBXGroup;
			children = (
				FA77B619170F77A6003EFF19 /* Soundbyte-Info.plist */,
				FA77B61A170F77A6003EFF19 /* InfoPlist.strings */,
				FA77B61D170F77A6003EFF19 /* main.m */,
				FA77B61F170F77A6003EFF19 /* Soundbyte-Prefix.pch */,
				FA77B623170F77A6003EFF19 /* Default.png */,
				FA77B625170F77A6003EFF19 /* Default@2x.png */,
				FA77B627170F77A6003EFF19 /* Default-568h@2x.png */,
			);
			name = "Supporting Files";
			sourceTree = "<group>";
		};
		FA77B641170F7A5A003EFF19 /* Products */ = {
			isa = PBXGroup;
			children = (
				FA77B645170F7A5A003EFF19 /* libScom.a */,
			);
			name = Products;
			sourceTree = "<group>";
		};
		FA77B65817125E57003EFF19 /* CoreAudioUtility */ = {
			isa = PBXGroup;
			children = (
				FA77B65917125E61003EFF19 /* PublicUtility */,
			);
			name = CoreAudioUtility;
			sourceTree = "<group>";
		};
		FA77B65917125E61003EFF19 /* PublicUtility */ = {
			isa = PBXGroup;
			children = (
				FA77B66217126068003EFF19 /* CADebugPrintf.cpp */,
				FA77B66317126068003EFF19 /* CADebugPrintf.h */,
				FA77B65D17126026003EFF19 /* CADebugMacros.h */,
				FA77B65E17126026003EFF19 /* CAMath.h */,
				FA77B65F17126026003EFF19 /* CAStreamBasicDescription.cpp */,
				FA77B66017126026003EFF19 /* CAStreamBasicDescription.h */,
				FA77B664171261AB003EFF19 /* CAXException.cpp */,
				FA77B665171261AB003EFF19 /* CAXException.h */,
			);
			name = PublicUtility;
			sourceTree = "<group>";
		};
		FA8E62C517C2688F00A2EB59 /* Soundbyte SDK */ = {
			isa = PBXGroup;
			children = (
				FA8E62C817C2688F00A2EB59 /* Soundbyte_SDK.h */,
				FA8E62CA17C2688F00A2EB59 /* Soundbyte_SDK.m */,
				FA8E62C617C2688F00A2EB59 /* Supporting Files */,
			);
			path = "Soundbyte SDK";
			sourceTree = "<group>";
		};
		FA8E62C617C2688F00A2EB59 /* Supporting Files */ = {
			isa = PBXGroup;
			children = (
				FA8E62C717C2688F00A2EB59 /* Soundbyte SDK-Prefix.pch */,
			);
			name = "Supporting Files";
			sourceTree = "<group>";
		};
/* End PBXGroup section */

/* Begin PBXNativeTarget section */
		FA77B60D170F77A6003EFF19 /* Soundbyte Listener */ = {
			isa = PBXNativeTarget;
			buildConfigurationList = FA77B631170F77A6003EFF19 /* Build configuration list for PBXNativeTarget "Soundbyte Listener" */;
			buildPhases = (
				FA77B60A170F77A6003EFF19 /* Sources */,
				FA77B60B170F77A6003EFF19 /* Frameworks */,
				FA77B60C170F77A6003EFF19 /* Resources */,
			);
			buildRules = (
			);
			dependencies = (
				FA77B649170F7D83003EFF19 /* PBXTargetDependency */,
			);
			name = "Soundbyte Listener";
			productName = Soundbyte;
			productReference = FA77B60E170F77A6003EFF19 /* Soundbyte.app */;
			productType = "com.apple.product-type.application";
		};
		FA8E62C217C2688F00A2EB59 /* Soundbyte SDK */ = {
			isa = PBXNativeTarget;
			buildConfigurationList = FA8E62CC17C2688F00A2EB59 /* Build configuration list for PBXNativeTarget "Soundbyte SDK" */;
			buildPhases = (
				FA8E62BF17C2688F00A2EB59 /* Sources */,
				FA8E62C017C2688F00A2EB59 /* Frameworks */,
				FA8E62C117C2688F00A2EB59 /* CopyFiles */,
			);
			buildRules = (
			);
			dependencies = (
				FA8E62D017C268D500A2EB59 /* PBXTargetDependency */,
			);
			name = "Soundbyte SDK";
			productName = "Soundbyte SDK";
			productReference = FA8E62C317C2688F00A2EB59 /* libSoundbyte SDK.a */;
			productType = "com.apple.product-type.library.static";
		};
/* End PBXNativeTarget section */

/* Begin PBXProject section */
		FA77B606170F77A6003EFF19 /* Project object */ = {
			isa = PBXProject;
			attributes = {
				CLASSPREFIX = SBT;
				LastUpgradeCheck = 0460;
				ORGANIZATIONNAME = Soundbyte;
			};
			buildConfigurationList = FA77B609170F77A6003EFF19 /* Build configuration list for PBXProject "Soundbyte" */;
			compatibilityVersion = "Xcode 3.2";
			developmentRegion = English;
			hasScannedForEncodings = 0;
			knownRegions = (
				en,
			);
			mainGroup = FA77B605170F77A6003EFF19;
			productRefGroup = FA77B60F170F77A6003EFF19 /* Products */;
			projectDirPath = "";
			projectReferences = (
				{
					ProductGroup = FA77B641170F7A5A003EFF19 /* Products */;
					ProjectRef = FA77B640170F7A5A003EFF19 /* Scom.xcodeproj */;
				},
			);
			projectRoot = "";
			targets = (
				FA77B60D170F77A6003EFF19 /* Soundbyte Listener */,
				FA8E62C217C2688F00A2EB59 /* Soundbyte SDK */,
			);
		};
/* End PBXProject section */

/* Begin PBXReferenceProxy section */
		FA77B645170F7A5A003EFF19 /* libScom.a */ = {
			isa = PBXReferenceProxy;
			fileType = archive.ar;
			path = libScom.a;
			remoteRef = FA77B644170F7A5A003EFF19 /* PBXContainerItemProxy */;
			sourceTree = BUILT_PRODUCTS_DIR;
		};
/* End PBXReferenceProxy section */

/* Begin PBXResourcesBuildPhase section */
		FA77B60C170F77A6003EFF19 /* Resources */ = {
			isa = PBXResourcesBuildPhase;
			buildActionMask = 2147483647;
			files = (
				FA77B61C170F77A6003EFF19 /* InfoPlist.strings in Resources */,
				FA77B624170F77A6003EFF19 /* Default.png in Resources */,
				FA77B626170F77A6003EFF19 /* Default@2x.png in Resources */,
				FA77B628170F77A6003EFF19 /* Default-568h@2x.png in Resources */,
				FA77B62B170F77A6003EFF19 /* MainStoryboard.storyboard in Resources */,
			);
			runOnlyForDeploymentPostprocessing = 0;
		};
/* End PBXResourcesBuildPhase section */

/* Begin PBXSourcesBuildPhase section */
		FA77B60A170F77A6003EFF19 /* Sources */ = {
			isa = PBXSourcesBuildPhase;
			buildActionMask = 2147483647;
			files = (
				FA77B61E170F77A6003EFF19 /* main.m in Sources */,
				FA77B622170F77A6003EFF19 /* SBTAppDelegate.mm in Sources */,
				FA77B62E170F77A6003EFF19 /* SBTViewController.m in Sources */,
				FA77B66117126026003EFF19 /* CAStreamBasicDescription.cpp in Sources */,
				FAA2D8491797A4EA00DEF1B0 /* SBTTetheredEngine.m in Sources */,
				FAA2D84C1797A64100DEF1B0 /* SBTNativeEngine.mm in Sources */,
				FAA2D84E1797AA4E00DEF1B0 /* SBTLog.mm in Sources */,
				FA8E62D317C2697D00A2EB59 /* SBTAudioUnit.mm in Sources */,
			);
			runOnlyForDeploymentPostprocessing = 0;
		};
		FA8E62BF17C2688F00A2EB59 /* Sources */ = {
			isa = PBXSourcesBuildPhase;
			buildActionMask = 2147483647;
			files = (
				FA8E62CB17C2688F00A2EB59 /* Soundbyte_SDK.m in Sources */,
			);
			runOnlyForDeploymentPostprocessing = 0;
		};
/* End PBXSourcesBuildPhase section */

/* Begin PBXTargetDependency section */
		FA77B649170F7D83003EFF19 /* PBXTargetDependency */ = {
			isa = PBXTargetDependency;
			name = Scom;
			targetProxy = FA77B648170F7D83003EFF19 /* PBXContainerItemProxy */;
		};
		FA8E62D017C268D500A2EB59 /* PBXTargetDependency */ = {
			isa = PBXTargetDependency;
			name = Scom;
			targetProxy = FA8E62CF17C268D500A2EB59 /* PBXContainerItemProxy */;
		};
/* End PBXTargetDependency section */

/* Begin PBXVariantGroup section */
		FA77B61A170F77A6003EFF19 /* InfoPlist.strings */ = {
			isa = PBXVariantGroup;
			children = (
				FA77B61B170F77A6003EFF19 /* en */,
			);
			name = InfoPlist.strings;
			sourceTree = "<group>";
		};
		FA77B629170F77A6003EFF19 /* MainStoryboard.storyboard */ = {
			isa = PBXVariantGroup;
			children = (
				FA77B62A170F77A6003EFF19 /* en */,
			);
			name = MainStoryboard.storyboard;
			sourceTree = "<group>";
		};
/* End PBXVariantGroup section */

/* Begin XCBuildConfiguration section */
		FA77B62F170F77A6003EFF19 /* Debug */ = {
			isa = XCBuildConfiguration;
			buildSettings = {
				ALWAYS_SEARCH_USER_PATHS = NO;
				CLANG_CXX_LANGUAGE_STANDARD = "gnu++98";
				CLANG_CXX_LIBRARY = "libstdc++";
				CLANG_ENABLE_OBJC_ARC = YES;
				CLANG_WARN_CONSTANT_CONVERSION = YES;
				CLANG_WARN_EMPTY_BODY = YES;
				CLANG_WARN_ENUM_CONVERSION = YES;
				CLANG_WARN_INT_CONVERSION = YES;
				CLANG_WARN__DUPLICATE_METHOD_MATCH = YES;
				"CODE_SIGN_IDENTITY[sdk=iphoneos*]" = "iPhone Developer";
				COPY_PHASE_STRIP = NO;
				GCC_C_LANGUAGE_STANDARD = gnu99;
				GCC_DYNAMIC_NO_PIC = NO;
				GCC_OPTIMIZATION_LEVEL = 0;
				GCC_PREPROCESSOR_DEFINITIONS = (
					"DEBUG=1",
					"$(inherited)",
				);
				GCC_SYMBOLS_PRIVATE_EXTERN = NO;
				GCC_WARN_ABOUT_RETURN_TYPE = YES;
				GCC_WARN_UNINITIALIZED_AUTOS = YES;
				GCC_WARN_UNUSED_VARIABLE = YES;
				HEADER_SEARCH_PATHS = (
					"”$(TARGET_BUILD_DIR)/usr/local/lib/include”",
					"”$(OBJROOT)/UninstalledProducts/include”",
				);
				IPHONEOS_DEPLOYMENT_TARGET = 6.1;
				ONLY_ACTIVE_ARCH = YES;
				OTHER_LDFLAGS = (
					"-ObjC",
					"-all_load",
				);
				SDKROOT = iphoneos;
				TARGETED_DEVICE_FAMILY = "1,2";
			};
			name = Debug;
		};
		FA77B630170F77A6003EFF19 /* Release */ = {
			isa = XCBuildConfiguration;
			buildSettings = {
				ALWAYS_SEARCH_USER_PATHS = NO;
				CLANG_CXX_LANGUAGE_STANDARD = "gnu++98";
				CLANG_CXX_LIBRARY = "libstdc++";
				CLANG_ENABLE_OBJC_ARC = YES;
				CLANG_WARN_CONSTANT_CONVERSION = YES;
				CLANG_WARN_EMPTY_BODY = YES;
				CLANG_WARN_ENUM_CONVERSION = YES;
				CLANG_WARN_INT_CONVERSION = YES;
				CLANG_WARN__DUPLICATE_METHOD_MATCH = YES;
				"CODE_SIGN_IDENTITY[sdk=iphoneos*]" = "iPhone Developer";
				COPY_PHASE_STRIP = YES;
				GCC_C_LANGUAGE_STANDARD = gnu99;
				GCC_WARN_ABOUT_RETURN_TYPE = YES;
				GCC_WARN_UNINITIALIZED_AUTOS = YES;
				GCC_WARN_UNUSED_VARIABLE = YES;
				HEADER_SEARCH_PATHS = (
					"”$(TARGET_BUILD_DIR)/usr/local/lib/include”",
					"”$(OBJROOT)/UninstalledProducts/include”",
				);
				IPHONEOS_DEPLOYMENT_TARGET = 6.1;
				OTHER_CFLAGS = "-DNS_BLOCK_ASSERTIONS=1";
				OTHER_LDFLAGS = (
					"-ObjC",
					"-all_load",
				);
				SDKROOT = iphoneos;
				TARGETED_DEVICE_FAMILY = "1,2";
				VALIDATE_PRODUCT = YES;
			};
			name = Release;
		};
		FA77B632170F77A6003EFF19 /* Debug */ = {
			isa = XCBuildConfiguration;
			buildSettings = {
				GCC_PRECOMPILE_PREFIX_HEADER = YES;
				GCC_PREFIX_HEADER = "Soundbyte/Soundbyte-Prefix.pch";
				INFOPLIST_FILE = "Soundbyte/Soundbyte-Info.plist";
				PRODUCT_NAME = "$(TARGET_NAME)";
				WRAPPER_EXTENSION = app;
			};
			name = Debug;
		};
		FA77B633170F77A6003EFF19 /* Release */ = {
			isa = XCBuildConfiguration;
			buildSettings = {
				GCC_PRECOMPILE_PREFIX_HEADER = YES;
				GCC_PREFIX_HEADER = "Soundbyte/Soundbyte-Prefix.pch";
				INFOPLIST_FILE = "Soundbyte/Soundbyte-Info.plist";
				PRODUCT_NAME = "$(TARGET_NAME)";
				WRAPPER_EXTENSION = app;
			};
			name = Release;
		};
		FA8E62CD17C2688F00A2EB59 /* Debug */ = {
			isa = XCBuildConfiguration;
			buildSettings = {
				DSTROOT = /tmp/Soundbyte_SDK.dst;
				GCC_PRECOMPILE_PREFIX_HEADER = YES;
				GCC_PREFIX_HEADER = "Soundbyte SDK/Soundbyte SDK-Prefix.pch";
				PRODUCT_NAME = "$(TARGET_NAME)";
				SKIP_INSTALL = YES;
			};
			name = Debug;
		};
		FA8E62CE17C2688F00A2EB59 /* Release */ = {
			isa = XCBuildConfiguration;
			buildSettings = {
				DSTROOT = /tmp/Soundbyte_SDK.dst;
				GCC_PRECOMPILE_PREFIX_HEADER = YES;
				GCC_PREFIX_HEADER = "Soundbyte SDK/Soundbyte SDK-Prefix.pch";
				PRODUCT_NAME = "$(TARGET_NAME)";
				SKIP_INSTALL = YES;
			};
			name = Release;
		};
/* End XCBuildConfiguration section */

/* Begin XCConfigurationList section */
		FA77B609170F77A6003EFF19 /* Build configuration list for PBXProject "Soundbyte" */ = {
			isa = XCConfigurationList;
			buildConfigurations = (
				FA77B62F170F77A6003EFF19 /* Debug */,
				FA77B630170F77A6003EFF19 /* Release */,
			);
			defaultConfigurationIsVisible = 0;
			defaultConfigurationName = Release;
		};
		FA77B631170F77A6003EFF19 /* Build configuration list for PBXNativeTarget "Soundbyte Listener" */ = {
			isa = XCConfigurationList;
			buildConfigurations = (
				FA77B632170F77A6003EFF19 /* Debug */,
				FA77B633170F77A6003EFF19 /* Release */,
			);
			defaultConfigurationIsVisible = 0;
			defaultConfigurationName = Release;
		};
		FA8E62CC17C2688F00A2EB59 /* Build configuration list for PBXNativeTarget "Soundbyte SDK" */ = {
			isa = XCConfigurationList;
			buildConfigurations = (
				FA8E62CD17C2688F00A2EB59 /* Debug */,
				FA8E62CE17C2688F00A2EB59 /* Release */,
			);
			defaultConfigurationIsVisible = 0;
		};
/* End XCConfigurationList section */
	};
	rootObject = FA77B606170F77A6003EFF19 /* Project object */;
}
